
Microsoft Visual Studio Solution File, Format Version 12.00
# Visual Studio Version 16
VisualStudioVersion = 16.0.31613.86
MinimumVisualStudioVersion = 10.0.40219.1
Project("{FAE04EC0-301F-11D3-BF4B-00C04F79EFBC}") = "TestApplication", "TestApplication\TestApplication.csproj", "{DD2EE807-7F2C-46F9-9947-D335C235158F}"
EndProject
Project("{FAE04EC0-301F-11D3-BF4B-00C04F79EFBC}") = "Entity", "Entity\Entity.csproj", "{D5AFE1B2-7B68-4F43-B4A1-2D193C907C3E}"
EndProject
Project("{FAE04EC0-301F-11D3-BF4B-00C04F79EFBC}") = "Repository", "Repository\Repository.csproj", "{68AF780D-E02A-4DFB-B93E-80406EE9AF26}"
EndProject
Project("{FAE04EC0-301F-11D3-BF4B-00C04F79EFBC}") = "Services", "Services\Services.csproj", "{83AB8B63-6F5A-455A-9461-795BD77C0371}"
EndProject
Global
	GlobalSection(SolutionConfigurationPlatforms) = preSolution
		Debug|Any CPU = Debug|Any CPU
		Release|Any CPU = Release|Any CPU
	EndGlobalSection
	GlobalSection(ProjectConfigurationPlatforms) = postSolution
		{DD2EE807-7F2C-46F9-9947-D335C235158F}.Debug|Any CPU.ActiveCfg = Debug|Any CPU
		{DD2EE807-7F2C-46F9-9947-D335C235158F}.Debug|Any CPU.Build.0 = Debug|Any CPU
		{DD2EE807-7F2C-46F9-9947-D335C235158F}.Release|Any CPU.ActiveCfg = Release|Any CPU
		{DD2EE807-7F2C-46F9-9947-D335C235158F}.Release|Any CPU.Build.0 = Release|Any CPU
		{D5AFE1B2-7B68-4F43-B4A1-2D193C907C3E}.Debug|Any CPU.ActiveCfg = Debug|Any CPU
		{D5AFE1B2-7B68-4F43-B4A1-2D193C907C3E}.Debug|Any CPU.Build.0 = Debug|Any CPU
		{D5AFE1B2-7B68-4F43-B4A1-2D193C907C3E}.Release|Any CPU.ActiveCfg = Release|Any CPU
		{D5AFE1B2-7B68-4F43-B4A1-2D193C907C3E}.Release|Any CPU.Build.0 = Release|Any CPU
		{68AF780D-E02A-4DFB-B93E-80406EE9AF26}.Debug|Any CPU.ActiveCfg = Debug|Any CPU
		{68AF780D-E02A-4DFB-B93E-80406EE9AF26}.Debug|Any CPU.Build.0 = Debug|Any CPU
		{68AF780D-E02A-4DFB-B93E-80406EE9AF26}.Release|Any CPU.ActiveCfg = Release|Any CPU
		{68AF780D-E02A-4DFB-B93E-80406EE9AF26}.Release|Any CPU.Build.0 = Release|Any CPU
		{83AB8B63-6F5A-455A-9461-795BD77C0371}.Debug|Any CPU.ActiveCfg = Debug|Any CPU
		{83AB8B63-6F5A-455A-9461-795BD77C0371}.Debug|Any CPU.Build.0 = Debug|Any CPU
		{83AB8B63-6F5A-455A-9461-795BD77C0371}.Release|Any CPU.ActiveCfg = Release|Any CPU
		{83AB8B63-6F5A-455A-9461-795BD77C0371}.Release|Any CPU.Build.0 = Release|Any CPU
	EndGlobalSection
	GlobalSection(SolutionProperties) = preSolution
		HideSolutionNode = FALSE
	EndGlobalSection
	GlobalSection(ExtensibilityGlobals) = postSolution
		SolutionGuid = {D48439AD-1568-4590-9E97-3A800C91A859}
	EndGlobalSection
EndGlobal
